
Microsoft Visual Studio Solution File, Format Version 12.00
# Visual Studio Version 17
VisualStudioVersion = 17.14.36408.4 d17.14
MinimumVisualStudioVersion = 10.0.40219.1
Project("{FAE04EC0-301F-11D3-BF4B-00C04F79EFBC}") = "OrdersMini.Domain", "OrdersMini.Domain\OrdersMini.Domain.csproj", "{13074D7E-E3FA-4412-A895-735883C99A67}"
EndProject
Project("{FAE04EC0-301F-11D3-BF4B-00C04F79EFBC}") = "OrdersMini.Application", "OrdersMini.Application\OrdersMini.Application.csproj", "{CFF6E39F-67B4-46B4-9E47-68AC9702DF32}"
EndProject
Project("{FAE04EC0-301F-11D3-BF4B-00C04F79EFBC}") = "OrdersMini.Infrastructure", "OrdersMini.Infrastructure\OrdersMini.Infrastructure.csproj", "{05AAAB79-40CC-4609-8E4B-C49E40B05CE2}"
EndProject
Project("{FAE04EC0-301F-11D3-BF4B-00C04F79EFBC}") = "OrdersMini.Web", "OrdersMini.Web\OrdersMini.Web.csproj", "{61480BEE-2891-4C3D-8253-E45A214EDF59}"
EndProject
Global
	GlobalSection(SolutionConfigurationPlatforms) = preSolution
		Debug|Any CPU = Debug|Any CPU
		Release|Any CPU = Release|Any CPU
	EndGlobalSection
	GlobalSection(ProjectConfigurationPlatforms) = postSolution
		{13074D7E-E3FA-4412-A895-735883C99A67}.Debug|Any CPU.ActiveCfg = Debug|Any CPU
		{13074D7E-E3FA-4412-A895-735883C99A67}.Debug|Any CPU.Build.0 = Debug|Any CPU
		{13074D7E-E3FA-4412-A895-735883C99A67}.Release|Any CPU.ActiveCfg = Release|Any CPU
		{13074D7E-E3FA-4412-A895-735883C99A67}.Release|Any CPU.Build.0 = Release|Any CPU
		{CFF6E39F-67B4-46B4-9E47-68AC9702DF32}.Debug|Any CPU.ActiveCfg = Debug|Any CPU
		{CFF6E39F-67B4-46B4-9E47-68AC9702DF32}.Debug|Any CPU.Build.0 = Debug|Any CPU
		{CFF6E39F-67B4-46B4-9E47-68AC9702DF32}.Release|Any CPU.ActiveCfg = Release|Any CPU
		{CFF6E39F-67B4-46B4-9E47-68AC9702DF32}.Release|Any CPU.Build.0 = Release|Any CPU
		{05AAAB79-40CC-4609-8E4B-C49E40B05CE2}.Debug|Any CPU.ActiveCfg = Debug|Any CPU
		{05AAAB79-40CC-4609-8E4B-C49E40B05CE2}.Debug|Any CPU.Build.0 = Debug|Any CPU
		{05AAAB79-40CC-4609-8E4B-C49E40B05CE2}.Release|Any CPU.ActiveCfg = Release|Any CPU
		{05AAAB79-40CC-4609-8E4B-C49E40B05CE2}.Release|Any CPU.Build.0 = Release|Any CPU
		{61480BEE-2891-4C3D-8253-E45A214EDF59}.Debug|Any CPU.ActiveCfg = Debug|Any CPU
		{61480BEE-2891-4C3D-8253-E45A214EDF59}.Debug|Any CPU.Build.0 = Debug|Any CPU
		{61480BEE-2891-4C3D-8253-E45A214EDF59}.Release|Any CPU.ActiveCfg = Release|Any CPU
		{61480BEE-2891-4C3D-8253-E45A214EDF59}.Release|Any CPU.Build.0 = Release|Any CPU
	EndGlobalSection
	GlobalSection(SolutionProperties) = preSolution
		HideSolutionNode = FALSE
	EndGlobalSection
	GlobalSection(ExtensibilityGlobals) = postSolution
		SolutionGuid = {0EE656A0-4A56-41B4-BD99-66056170466C}
	EndGlobalSection
EndGlobal
